
Microsoft Visual Studio Solution File, Format Version 12.00
Project("{FAE04EC0-301F-11D3-BF4B-00C04F79EFBC}") = "zwierzeta", "zwierzeta\zwierzeta.csproj", "{8BA0AC97-FACC-4400-859D-5BE2F589A77C}"
EndProject
Project("{FAE04EC0-301F-11D3-BF4B-00C04F79EFBC}") = "ksztalty", "ksztalty\ksztalty.csproj", "{8224A2F3-6610-4DC0-8172-FD27DAAF35EA}"
EndProject
Global
	GlobalSection(SolutionConfigurationPlatforms) = preSolution
		Debug|Any CPU = Debug|Any CPU
		Release|Any CPU = Release|Any CPU
	EndGlobalSection
	GlobalSection(ProjectConfigurationPlatforms) = postSolution
		{8BA0AC97-FACC-4400-859D-5BE2F589A77C}.Debug|Any CPU.ActiveCfg = Debug|Any CPU
		{8BA0AC97-FACC-4400-859D-5BE2F589A77C}.Debug|Any CPU.Build.0 = Debug|Any CPU
		{8BA0AC97-FACC-4400-859D-5BE2F589A77C}.Release|Any CPU.ActiveCfg = Release|Any CPU
		{8BA0AC97-FACC-4400-859D-5BE2F589A77C}.Release|Any CPU.Build.0 = Release|Any CPU
		{8224A2F3-6610-4DC0-8172-FD27DAAF35EA}.Debug|Any CPU.ActiveCfg = Debug|Any CPU
		{8224A2F3-6610-4DC0-8172-FD27DAAF35EA}.Debug|Any CPU.Build.0 = Debug|Any CPU
		{8224A2F3-6610-4DC0-8172-FD27DAAF35EA}.Release|Any CPU.ActiveCfg = Release|Any CPU
		{8224A2F3-6610-4DC0-8172-FD27DAAF35EA}.Release|Any CPU.Build.0 = Release|Any CPU
	EndGlobalSection
EndGlobal
